
Microsoft Visual Studio Solution File, Format Version 11.00
# Visual Studio 2010
Project("{FAE04EC0-301F-11D3-BF4B-00C04F79EFBC}") = "Assembly-CSharp", "Assembly-CSharp.csproj", "{66C05F59-8574-0A48-B92D-7F262DF94294}"
EndProject
Project("{FAE04EC0-301F-11D3-BF4B-00C04F79EFBC}") = "Assembly-CSharp-Editor", "Assembly-CSharp-Editor.csproj", "{EC544419-AFEA-BDEE-4104-EC07A201658D}"
EndProject
Global
	GlobalSection(SolutionConfigurationPlatforms) = preSolution
		Debug|Any CPU = Debug|Any CPU
		Release|Any CPU = Release|Any CPU
	EndGlobalSection
	GlobalSection(ProjectConfigurationPlatforms) = postSolution
		{66C05F59-8574-0A48-B92D-7F262DF94294}.Debug|Any CPU.ActiveCfg = Debug|Any CPU
		{66C05F59-8574-0A48-B92D-7F262DF94294}.Debug|Any CPU.Build.0 = Debug|Any CPU
		{66C05F59-8574-0A48-B92D-7F262DF94294}.Release|Any CPU.ActiveCfg = Release|Any CPU
		{66C05F59-8574-0A48-B92D-7F262DF94294}.Release|Any CPU.Build.0 = Release|Any CPU
		{EC544419-AFEA-BDEE-4104-EC07A201658D}.Debug|Any CPU.ActiveCfg = Debug|Any CPU
		{EC544419-AFEA-BDEE-4104-EC07A201658D}.Debug|Any CPU.Build.0 = Debug|Any CPU
		{EC544419-AFEA-BDEE-4104-EC07A201658D}.Release|Any CPU.ActiveCfg = Release|Any CPU
		{EC544419-AFEA-BDEE-4104-EC07A201658D}.Release|Any CPU.Build.0 = Release|Any CPU
	EndGlobalSection
	GlobalSection(SolutionProperties) = preSolution
		HideSolutionNode = FALSE
	EndGlobalSection
EndGlobal
